// !$*UTF8*$!
{
	archiveVersion = 1;
	classes = {
	};
	objectVersion = 50;
	objects = {

/* Begin PBXBuildFile section */
		087B194B2095DBCD005EC8C8 /* AppDelegate.m in Sources */ = {isa = PBXBuildFile; fileRef = 087B194A2095DBCD005EC8C8 /* AppDelegate.m */; };
		087B194E2095DBCD005EC8C8 /* AnimesViewController.m in Sources */ = {isa = PBXBuildFile; fileRef = 087B194D2095DBCD005EC8C8 /* AnimesViewController.m */; };
		087B19512095DBCD005EC8C8 /* Main.storyboard in Resources */ = {isa = PBXBuildFile; fileRef = 087B194F2095DBCD005EC8C8 /* Main.storyboard */; };
		087B19532095DBCE005EC8C8 /* Assets.xcassets in Resources */ = {isa = PBXBuildFile; fileRef = 087B19522095DBCE005EC8C8 /* Assets.xcassets */; };
		087B19562095DBCE005EC8C8 /* LaunchScreen.storyboard in Resources */ = {isa = PBXBuildFile; fileRef = 087B19542095DBCE005EC8C8 /* LaunchScreen.storyboard */; };
		087B19592095DBCE005EC8C8 /* main.m in Sources */ = {isa = PBXBuildFile; fileRef = 087B19582095DBCE005EC8C8 /* main.m */; };
		087B19622095DE5B005EC8C8 /* AnimeTableViewCell.m in Sources */ = {isa = PBXBuildFile; fileRef = 087B19612095DE5B005EC8C8 /* AnimeTableViewCell.m */; };
		087B19722095E6BE005EC8C8 /* AFURLResponseSerialization.m in Sources */ = {isa = PBXBuildFile; fileRef = 087B19692095E6BE005EC8C8 /* AFURLResponseSerialization.m */; };
		087B19732095E6BE005EC8C8 /* AFHTTPSessionManager.m in Sources */ = {isa = PBXBuildFile; fileRef = 087B196A2095E6BE005EC8C8 /* AFHTTPSessionManager.m */; };
		087B19742095E6BE005EC8C8 /* AFURLSessionManager.m in Sources */ = {isa = PBXBuildFile; fileRef = 087B196C2095E6BE005EC8C8 /* AFURLSessionManager.m */; };
		087B19752095E6BE005EC8C8 /* AFURLRequestSerialization.m in Sources */ = {isa = PBXBuildFile; fileRef = 087B196D2095E6BE005EC8C8 /* AFURLRequestSerialization.m */; };
		087B19762095E6BE005EC8C8 /* AFNetworkReachabilityManager.m in Sources */ = {isa = PBXBuildFile; fileRef = 087B196F2095E6BE005EC8C8 /* AFNetworkReachabilityManager.m */; };
		087B19772095E6BE005EC8C8 /* AFSecurityPolicy.m in Sources */ = {isa = PBXBuildFile; fileRef = 087B19702095E6BE005EC8C8 /* AFSecurityPolicy.m */; };
		087B198D2095E6F6005EC8C8 /* UIProgressView+AFNetworking.m in Sources */ = {isa = PBXBuildFile; fileRef = 087B19792095E6F6005EC8C8 /* UIProgressView+AFNetworking.m */; };
		087B198E2095E6F6005EC8C8 /* UIRefreshControl+AFNetworking.m in Sources */ = {isa = PBXBuildFile; fileRef = 087B197B2095E6F6005EC8C8 /* UIRefreshControl+AFNetworking.m */; };
		087B198F2095E6F6005EC8C8 /* AFNetworkActivityIndicatorManager.m in Sources */ = {isa = PBXBuildFile; fileRef = 087B197E2095E6F6005EC8C8 /* AFNetworkActivityIndicatorManager.m */; };
		087B19902095E6F6005EC8C8 /* UIImageView+AFNetworking.m in Sources */ = {isa = PBXBuildFile; fileRef = 087B19842095E6F6005EC8C8 /* UIImageView+AFNetworking.m */; };
		087B19912095E6F6005EC8C8 /* UIButton+AFNetworking.m in Sources */ = {isa = PBXBuildFile; fileRef = 087B19872095E6F6005EC8C8 /* UIButton+AFNetworking.m */; };
		087B19922095E6F6005EC8C8 /* UIActivityIndicatorView+AFNetworking.m in Sources */ = {isa = PBXBuildFile; fileRef = 087B19882095E6F6005EC8C8 /* UIActivityIndicatorView+AFNetworking.m */; };
		087B19932095E6F6005EC8C8 /* UIWebView+AFNetworking.m in Sources */ = {isa = PBXBuildFile; fileRef = 087B19892095E6F6005EC8C8 /* UIWebView+AFNetworking.m */; };
		087B19942095E6F6005EC8C8 /* AFAutoPurgingImageCache.m in Sources */ = {isa = PBXBuildFile; fileRef = 087B198A2095E6F6005EC8C8 /* AFAutoPurgingImageCache.m */; };
		087B19952095E6F6005EC8C8 /* AFImageDownloader.m in Sources */ = {isa = PBXBuildFile; fileRef = 087B198C2095E6F6005EC8C8 /* AFImageDownloader.m */; };
		087B19982095E71C005EC8C8 /* ServerManager.m in Sources */ = {isa = PBXBuildFile; fileRef = 087B19972095E71C005EC8C8 /* ServerManager.m */; };
		087B199C2095E900005EC8C8 /* Anime.m in Sources */ = {isa = PBXBuildFile; fileRef = 087B199B2095E900005EC8C8 /* Anime.m */; };
		087B19A2209731F9005EC8C8 /* AnimeDetailViewController.m in Sources */ = {isa = PBXBuildFile; fileRef = 087B19A1209731F9005EC8C8 /* AnimeDetailViewController.m */; };
		087B19A520974078005EC8C8 /* AnimeDetail.m in Sources */ = {isa = PBXBuildFile; fileRef = 087B19A420974078005EC8C8 /* AnimeDetail.m */; };
/* End PBXBuildFile section */

/* Begin PBXFileReference section */
		087B19462095DBCD005EC8C8 /* ShikimoriAPI.app */ = {isa = PBXFileReference; explicitFileType = wrapper.application; includeInIndex = 0; path = ShikimoriAPI.app; sourceTree = BUILT_PRODUCTS_DIR; };
		087B19492095DBCD005EC8C8 /* AppDelegate.h */ = {isa = PBXFileReference; lastKnownFileType = sourcecode.c.h; path = AppDelegate.h; sourceTree = "<group>"; };
		087B194A2095DBCD005EC8C8 /* AppDelegate.m */ = {isa = PBXFileReference; lastKnownFileType = sourcecode.c.objc; path = AppDelegate.m; sourceTree = "<group>"; };
		087B194C2095DBCD005EC8C8 /* AnimesViewController.h */ = {isa = PBXFileReference; lastKnownFileType = sourcecode.c.h; path = AnimesViewController.h; sourceTree = "<group>"; };
		087B194D2095DBCD005EC8C8 /* AnimesViewController.m */ = {isa = PBXFileReference; lastKnownFileType = sourcecode.c.objc; path = AnimesViewController.m; sourceTree = "<group>"; };
		087B19502095DBCD005EC8C8 /* Base */ = {isa = PBXFileReference; lastKnownFileType = file.storyboard; name = Base; path = Base.lproj/Main.storyboard; sourceTree = "<group>"; };
		087B19522095DBCE005EC8C8 /* Assets.xcassets */ = {isa = PBXFileReference; lastKnownFileType = folder.assetcatalog; path = Assets.xcassets; sourceTree = "<group>"; };
		087B19552095DBCE005EC8C8 /* Base */ = {isa = PBXFileReference; lastKnownFileType = file.storyboard; name = Base; path = Base.lproj/LaunchScreen.storyboard; sourceTree = "<group>"; };
		087B19572095DBCE005EC8C8 /* Info.plist */ = {isa = PBXFileReference; lastKnownFileType = text.plist.xml; path = Info.plist; sourceTree = "<group>"; };
		087B19582095DBCE005EC8C8 /* main.m */ = {isa = PBXFileReference; lastKnownFileType = sourcecode.c.objc; path = main.m; sourceTree = "<group>"; };
		087B19602095DE5B005EC8C8 /* AnimeTableViewCell.h */ = {isa = PBXFileReference; lastKnownFileType = sourcecode.c.h; path = AnimeTableViewCell.h; sourceTree = "<group>"; };
		087B19612095DE5B005EC8C8 /* AnimeTableViewCell.m */ = {isa = PBXFileReference; lastKnownFileType = sourcecode.c.objc; path = AnimeTableViewCell.m; sourceTree = "<group>"; };
		087B19652095E6BE005EC8C8 /* AFSecurityPolicy.h */ = {isa = PBXFileReference; fileEncoding = 4; lastKnownFileType = sourcecode.c.h; path = AFSecurityPolicy.h; sourceTree = "<group>"; };
		087B19662095E6BE005EC8C8 /* AFNetworkReachabilityManager.h */ = {isa = PBXFileReference; fileEncoding = 4; lastKnownFileType = sourcecode.c.h; path = AFNetworkReachabilityManager.h; sourceTree = "<group>"; };
		087B19672095E6BE005EC8C8 /* AFURLSessionManager.h */ = {isa = PBXFileReference; fileEncoding = 4; lastKnownFileType = sourcecode.c.h; path = AFURLSessionManager.h; sourceTree = "<group>"; };
		087B19682095E6BE005EC8C8 /* AFURLRequestSerialization.h */ = {isa = PBXFileReference; fileEncoding = 4; lastKnownFileType = sourcecode.c.h; path = AFURLRequestSerialization.h; sourceTree = "<group>"; };
		087B19692095E6BE005EC8C8 /* AFURLResponseSerialization.m */ = {isa = PBXFileReference; fileEncoding = 4; lastKnownFileType = sourcecode.c.objc; path = AFURLResponseSerialization.m; sourceTree = "<group>"; };
		087B196A2095E6BE005EC8C8 /* AFHTTPSessionManager.m */ = {isa = PBXFileReference; fileEncoding = 4; lastKnownFileType = sourcecode.c.objc; path = AFHTTPSessionManager.m; sourceTree = "<group>"; };
		087B196B2095E6BE005EC8C8 /* AFURLResponseSerialization.h */ = {isa = PBXFileReference; fileEncoding = 4; lastKnownFileType = sourcecode.c.h; path = AFURLResponseSerialization.h; sourceTree = "<group>"; };
		087B196C2095E6BE005EC8C8 /* AFURLSessionManager.m */ = {isa = PBXFileReference; fileEncoding = 4; lastKnownFileType = sourcecode.c.objc; path = AFURLSessionManager.m; sourceTree = "<group>"; };
		087B196D2095E6BE005EC8C8 /* AFURLRequestSerialization.m */ = {isa = PBXFileReference; fileEncoding = 4; lastKnownFileType = sourcecode.c.objc; path = AFURLRequestSerialization.m; sourceTree = "<group>"; };
		087B196E2095E6BE005EC8C8 /* AFNetworking.h */ = {isa = PBXFileReference; fileEncoding = 4; lastKnownFileType = sourcecode.c.h; path = AFNetworking.h; sourceTree = "<group>"; };
		087B196F2095E6BE005EC8C8 /* AFNetworkReachabilityManager.m */ = {isa = PBXFileReference; fileEncoding = 4; lastKnownFileType = sourcecode.c.objc; path = AFNetworkReachabilityManager.m; sourceTree = "<group>"; };
		087B19702095E6BE005EC8C8 /* AFSecurityPolicy.m */ = {isa = PBXFileReference; fileEncoding = 4; lastKnownFileType = sourcecode.c.objc; path = AFSecurityPolicy.m; sourceTree = "<group>"; };
		087B19712095E6BE005EC8C8 /* AFHTTPSessionManager.h */ = {isa = PBXFileReference; fileEncoding = 4; lastKnownFileType = sourcecode.c.h; path = AFHTTPSessionManager.h; sourceTree = "<group>"; };
		087B19792095E6F6005EC8C8 /* UIProgressView+AFNetworking.m */ = {isa = PBXFileReference; fileEncoding = 4; lastKnownFileType = sourcecode.c.objc; path = "UIProgressView+AFNetworking.m"; sourceTree = "<group>"; };
		087B197A2095E6F6005EC8C8 /* UIButton+AFNetworking.h */ = {isa = PBXFileReference; fileEncoding = 4; lastKnownFileType = sourcecode.c.h; path = "UIButton+AFNetworking.h"; sourceTree = "<group>"; };
		087B197B2095E6F6005EC8C8 /* UIRefreshControl+AFNetworking.m */ = {isa = PBXFileReference; fileEncoding = 4; lastKnownFileType = sourcecode.c.objc; path = "UIRefreshControl+AFNetworking.m"; sourceTree = "<group>"; };
		087B197C2095E6F6005EC8C8 /* UIImageView+AFNetworking.h */ = {isa = PBXFileReference; fileEncoding = 4; lastKnownFileType = sourcecode.c.h; path = "UIImageView+AFNetworking.h"; sourceTree = "<group>"; };
		087B197D2095E6F6005EC8C8 /* AFImageDownloader.h */ = {isa = PBXFileReference; fileEncoding = 4; lastKnownFileType = sourcecode.c.h; path = AFImageDownloader.h; sourceTree = "<group>"; };
		087B197E2095E6F6005EC8C8 /* AFNetworkActivityIndicatorManager.m */ = {isa = PBXFileReference; fileEncoding = 4; lastKnownFileType = sourcecode.c.objc; path = AFNetworkActivityIndicatorManager.m; sourceTree = "<group>"; };
		087B197F2095E6F6005EC8C8 /* AFAutoPurgingImageCache.h */ = {isa = PBXFileReference; fileEncoding = 4; lastKnownFileType = sourcecode.c.h; path = AFAutoPurgingImageCache.h; sourceTree = "<group>"; };
		087B19802095E6F6005EC8C8 /* UIWebView+AFNetworking.h */ = {isa = PBXFileReference; fileEncoding = 4; lastKnownFileType = sourcecode.c.h; path = "UIWebView+AFNetworking.h"; sourceTree = "<group>"; };
		087B19812095E6F6005EC8C8 /* UIActivityIndicatorView+AFNetworking.h */ = {isa = PBXFileReference; fileEncoding = 4; lastKnownFileType = sourcecode.c.h; path = "UIActivityIndicatorView+AFNetworking.h"; sourceTree = "<group>"; };
		087B19822095E6F6005EC8C8 /* UIImage+AFNetworking.h */ = {isa = PBXFileReference; fileEncoding = 4; lastKnownFileType = sourcecode.c.h; path = "UIImage+AFNetworking.h"; sourceTree = "<group>"; };
		087B19832095E6F6005EC8C8 /* UIProgressView+AFNetworking.h */ = {isa = PBXFileReference; fileEncoding = 4; lastKnownFileType = sourcecode.c.h; path = "UIProgressView+AFNetworking.h"; sourceTree = "<group>"; };
		087B19842095E6F6005EC8C8 /* UIImageView+AFNetworking.m */ = {isa = PBXFileReference; fileEncoding = 4; lastKnownFileType = sourcecode.c.objc; path = "UIImageView+AFNetworking.m"; sourceTree = "<group>"; };
		087B19852095E6F6005EC8C8 /* UIKit+AFNetworking.h */ = {isa = PBXFileReference; fileEncoding = 4; lastKnownFileType = sourcecode.c.h; path = "UIKit+AFNetworking.h"; sourceTree = "<group>"; };
		087B19862095E6F6005EC8C8 /* UIRefreshControl+AFNetworking.h */ = {isa = PBXFileReference; fileEncoding = 4; lastKnownFileType = sourcecode.c.h; path = "UIRefreshControl+AFNetworking.h"; sourceTree = "<group>"; };
		087B19872095E6F6005EC8C8 /* UIButton+AFNetworking.m */ = {isa = PBXFileReference; fileEncoding = 4; lastKnownFileType = sourcecode.c.objc; path = "UIButton+AFNetworking.m"; sourceTree = "<group>"; };
		087B19882095E6F6005EC8C8 /* UIActivityIndicatorView+AFNetworking.m */ = {isa = PBXFileReference; fileEncoding = 4; lastKnownFileType = sourcecode.c.objc; path = "UIActivityIndicatorView+AFNetworking.m"; sourceTree = "<group>"; };
		087B19892095E6F6005EC8C8 /* UIWebView+AFNetworking.m */ = {isa = PBXFileReference; fileEncoding = 4; lastKnownFileType = sourcecode.c.objc; path = "UIWebView+AFNetworking.m"; sourceTree = "<group>"; };
		087B198A2095E6F6005EC8C8 /* AFAutoPurgingImageCache.m */ = {isa = PBXFileReference; fileEncoding = 4; lastKnownFileType = sourcecode.c.objc; path = AFAutoPurgingImageCache.m; sourceTree = "<group>"; };
		087B198B2095E6F6005EC8C8 /* AFNetworkActivityIndicatorManager.h */ = {isa = PBXFileReference; fileEncoding = 4; lastKnownFileType = sourcecode.c.h; path = AFNetworkActivityIndicatorManager.h; sourceTree = "<group>"; };
		087B198C2095E6F6005EC8C8 /* AFImageDownloader.m */ = {isa = PBXFileReference; fileEncoding = 4; lastKnownFileType = sourcecode.c.objc; path = AFImageDownloader.m; sourceTree = "<group>"; };
		087B19962095E71C005EC8C8 /* ServerManager.h */ = {isa = PBXFileReference; lastKnownFileType = sourcecode.c.h; path = ServerManager.h; sourceTree = "<group>"; };
		087B19972095E71C005EC8C8 /* ServerManager.m */ = {isa = PBXFileReference; lastKnownFileType = sourcecode.c.objc; path = ServerManager.m; sourceTree = "<group>"; };
		087B199A2095E900005EC8C8 /* Anime.h */ = {isa = PBXFileReference; lastKnownFileType = sourcecode.c.h; path = Anime.h; sourceTree = "<group>"; };
		087B199B2095E900005EC8C8 /* Anime.m */ = {isa = PBXFileReference; lastKnownFileType = sourcecode.c.objc; path = Anime.m; sourceTree = "<group>"; };
		087B19A0209731F9005EC8C8 /* AnimeDetailViewController.h */ = {isa = PBXFileReference; lastKnownFileType = sourcecode.c.h; path = AnimeDetailViewController.h; sourceTree = "<group>"; };
		087B19A1209731F9005EC8C8 /* AnimeDetailViewController.m */ = {isa = PBXFileReference; lastKnownFileType = sourcecode.c.objc; path = AnimeDetailViewController.m; sourceTree = "<group>"; };
		087B19A320974078005EC8C8 /* AnimeDetail.h */ = {isa = PBXFileReference; lastKnownFileType = sourcecode.c.h; path = AnimeDetail.h; sourceTree = "<group>"; };
		087B19A420974078005EC8C8 /* AnimeDetail.m */ = {isa = PBXFileReference; lastKnownFileType = sourcecode.c.objc; path = AnimeDetail.m; sourceTree = "<group>"; };
/* End PBXFileReference section */

/* Begin PBXFrameworksBuildPhase section */
		087B19432095DBCD005EC8C8 /* Frameworks */ = {
			isa = PBXFrameworksBuildPhase;
			buildActionMask = 2147483647;
			files = (
			);
			runOnlyForDeploymentPostprocessing = 0;
		};
/* End PBXFrameworksBuildPhase section */

/* Begin PBXGroup section */
		087B193D2095DBCD005EC8C8 = {
			isa = PBXGroup;
			children = (
				087B19482095DBCD005EC8C8 /* ShikimoriAPI */,
				087B19472095DBCD005EC8C8 /* Products */,
			);
			sourceTree = "<group>";
		};
		087B19472095DBCD005EC8C8 /* Products */ = {
			isa = PBXGroup;
			children = (
				087B19462095DBCD005EC8C8 /* ShikimoriAPI.app */,
			);
			name = Products;
			sourceTree = "<group>";
		};
		087B19482095DBCD005EC8C8 /* ShikimoriAPI */ = {
			isa = PBXGroup;
			children = (
				087B19632095E627005EC8C8 /* AFNetworking UIKit+AFNetworking */,
				087B19992095E8C0005EC8C8 /* Models */,
				087B195F2095DDC4005EC8C8 /* Cells */,
				087B19492095DBCD005EC8C8 /* AppDelegate.h */,
				087B194A2095DBCD005EC8C8 /* AppDelegate.m */,
				087B194C2095DBCD005EC8C8 /* AnimesViewController.h */,
				087B194D2095DBCD005EC8C8 /* AnimesViewController.m */,
				087B19A0209731F9005EC8C8 /* AnimeDetailViewController.h */,
				087B19A1209731F9005EC8C8 /* AnimeDetailViewController.m */,
				087B194F2095DBCD005EC8C8 /* Main.storyboard */,
				087B19522095DBCE005EC8C8 /* Assets.xcassets */,
				087B19542095DBCE005EC8C8 /* LaunchScreen.storyboard */,
				087B19572095DBCE005EC8C8 /* Info.plist */,
				087B19582095DBCE005EC8C8 /* main.m */,
			);
			path = ShikimoriAPI;
			sourceTree = "<group>";
		};
		087B195F2095DDC4005EC8C8 /* Cells */ = {
			isa = PBXGroup;
			children = (
				087B19602095DE5B005EC8C8 /* AnimeTableViewCell.h */,
				087B19612095DE5B005EC8C8 /* AnimeTableViewCell.m */,
				087B19962095E71C005EC8C8 /* ServerManager.h */,
				087B19972095E71C005EC8C8 /* ServerManager.m */,
			);
			path = Cells;
			sourceTree = "<group>";
		};
		087B19632095E627005EC8C8 /* AFNetworking UIKit+AFNetworking */ = {
			isa = PBXGroup;
			children = (
				087B19782095E6F6005EC8C8 /* UIKit+AFNetworking */,
				087B19642095E6BE005EC8C8 /* AFNetworking */,
			);
			path = "AFNetworking UIKit+AFNetworking";
			sourceTree = "<group>";
		};
		087B19642095E6BE005EC8C8 /* AFNetworking */ = {
			isa = PBXGroup;
			children = (
				087B19652095E6BE005EC8C8 /* AFSecurityPolicy.h */,
				087B19662095E6BE005EC8C8 /* AFNetworkReachabilityManager.h */,
				087B19672095E6BE005EC8C8 /* AFURLSessionManager.h */,
				087B19682095E6BE005EC8C8 /* AFURLRequestSerialization.h */,
				087B19692095E6BE005EC8C8 /* AFURLResponseSerialization.m */,
				087B196A2095E6BE005EC8C8 /* AFHTTPSessionManager.m */,
				087B196B2095E6BE005EC8C8 /* AFURLResponseSerialization.h */,
				087B196C2095E6BE005EC8C8 /* AFURLSessionManager.m */,
				087B196D2095E6BE005EC8C8 /* AFURLRequestSerialization.m */,
				087B196E2095E6BE005EC8C8 /* AFNetworking.h */,
				087B196F2095E6BE005EC8C8 /* AFNetworkReachabilityManager.m */,
				087B19702095E6BE005EC8C8 /* AFSecurityPolicy.m */,
				087B19712095E6BE005EC8C8 /* AFHTTPSessionManager.h */,
			);
			name = AFNetworking;
			path = "../../../../AFNetworking-master/AFNetworking";
			sourceTree = "<group>";
		};
		087B19782095E6F6005EC8C8 /* UIKit+AFNetworking */ = {
			isa = PBXGroup;
			children = (
				087B19792095E6F6005EC8C8 /* UIProgressView+AFNetworking.m */,
				087B197A2095E6F6005EC8C8 /* UIButton+AFNetworking.h */,
				087B197B2095E6F6005EC8C8 /* UIRefreshControl+AFNetworking.m */,
				087B197C2095E6F6005EC8C8 /* UIImageView+AFNetworking.h */,
				087B197D2095E6F6005EC8C8 /* AFImageDownloader.h */,
				087B197E2095E6F6005EC8C8 /* AFNetworkActivityIndicatorManager.m */,
				087B197F2095E6F6005EC8C8 /* AFAutoPurgingImageCache.h */,
				087B19802095E6F6005EC8C8 /* UIWebView+AFNetworking.h */,
				087B19812095E6F6005EC8C8 /* UIActivityIndicatorView+AFNetworking.h */,
				087B19822095E6F6005EC8C8 /* UIImage+AFNetworking.h */,
				087B19832095E6F6005EC8C8 /* UIProgressView+AFNetworking.h */,
				087B19842095E6F6005EC8C8 /* UIImageView+AFNetworking.m */,
				087B19852095E6F6005EC8C8 /* UIKit+AFNetworking.h */,
				087B19862095E6F6005EC8C8 /* UIRefreshControl+AFNetworking.h */,
				087B19872095E6F6005EC8C8 /* UIButton+AFNetworking.m */,
				087B19882095E6F6005EC8C8 /* UIActivityIndicatorView+AFNetworking.m */,
				087B19892095E6F6005EC8C8 /* UIWebView+AFNetworking.m */,
				087B198A2095E6F6005EC8C8 /* AFAutoPurgingImageCache.m */,
				087B198B2095E6F6005EC8C8 /* AFNetworkActivityIndicatorManager.h */,
				087B198C2095E6F6005EC8C8 /* AFImageDownloader.m */,
			);
			name = "UIKit+AFNetworking";
			path = "../../../../AFNetworking-master/UIKit+AFNetworking";
			sourceTree = "<group>";
		};
		087B19992095E8C0005EC8C8 /* Models */ = {
			isa = PBXGroup;
			children = (
				087B199A2095E900005EC8C8 /* Anime.h */,
				087B199B2095E900005EC8C8 /* Anime.m */,
				087B19A320974078005EC8C8 /* AnimeDetail.h */,
				087B19A420974078005EC8C8 /* AnimeDetail.m */,
			);
			path = Models;
			sourceTree = "<group>";
		};
/* End PBXGroup section */

/* Begin PBXNativeTarget section */
		087B19452095DBCD005EC8C8 /* ShikimoriAPI */ = {
			isa = PBXNativeTarget;
			buildConfigurationList = 087B195C2095DBCE005EC8C8 /* Build configuration list for PBXNativeTarget "ShikimoriAPI" */;
			buildPhases = (
				087B19422095DBCD005EC8C8 /* Sources */,
				087B19432095DBCD005EC8C8 /* Frameworks */,
				087B19442095DBCD005EC8C8 /* Resources */,
			);
			buildRules = (
			);
			dependencies = (
			);
			name = ShikimoriAPI;
			productName = ShikimoriAPI;
			productReference = 087B19462095DBCD005EC8C8 /* ShikimoriAPI.app */;
			productType = "com.apple.product-type.application";
		};
/* End PBXNativeTarget section */

/* Begin PBXProject section */
		087B193E2095DBCD005EC8C8 /* Project object */ = {
			isa = PBXProject;
			attributes = {
				LastUpgradeCheck = 0930;
				ORGANIZATIONNAME = "Vladimir Opanasenko";
				TargetAttributes = {
					087B19452095DBCD005EC8C8 = {
						CreatedOnToolsVersion = 9.3;
					};
				};
			};
			buildConfigurationList = 087B19412095DBCD005EC8C8 /* Build configuration list for PBXProject "ShikimoriAPI" */;
			compatibilityVersion = "Xcode 9.3";
			developmentRegion = en;
			hasScannedForEncodings = 0;
			knownRegions = (
				en,
				Base,
			);
			mainGroup = 087B193D2095DBCD005EC8C8;
			productRefGroup = 087B19472095DBCD005EC8C8 /* Products */;
			projectDirPath = "";
			projectRoot = "";
			targets = (
				087B19452095DBCD005EC8C8 /* ShikimoriAPI */,
			);
		};
/* End PBXProject section */

/* Begin PBXResourcesBuildPhase section */
		087B19442095DBCD005EC8C8 /* Resources */ = {
			isa = PBXResourcesBuildPhase;
			buildActionMask = 2147483647;
			files = (
				087B19562095DBCE005EC8C8 /* LaunchScreen.storyboard in Resources */,
				087B19532095DBCE005EC8C8 /* Assets.xcassets in Resources */,
				087B19512095DBCD005EC8C8 /* Main.storyboard in Resources */,
			);
			runOnlyForDeploymentPostprocessing = 0;
		};
/* End PBXResourcesBuildPhase section */

/* Begin PBXSourcesBuildPhase section */
		087B19422095DBCD005EC8C8 /* Sources */ = {
			isa = PBXSourcesBuildPhase;
			buildActionMask = 2147483647;
			files = (
				087B199C2095E900005EC8C8 /* Anime.m in Sources */,
				087B19982095E71C005EC8C8 /* ServerManager.m in Sources */,
				087B19622095DE5B005EC8C8 /* AnimeTableViewCell.m in Sources */,
				087B19762095E6BE005EC8C8 /* AFNetworkReachabilityManager.m in Sources */,
				087B198E2095E6F6005EC8C8 /* UIRefreshControl+AFNetworking.m in Sources */,
				087B198D2095E6F6005EC8C8 /* UIProgressView+AFNetworking.m in Sources */,
				087B19A2209731F9005EC8C8 /* AnimeDetailViewController.m in Sources */,
				087B194E2095DBCD005EC8C8 /* AnimesViewController.m in Sources */,
				087B19902095E6F6005EC8C8 /* UIImageView+AFNetworking.m in Sources */,
				087B19592095DBCE005EC8C8 /* main.m in Sources */,
				087B19742095E6BE005EC8C8 /* AFURLSessionManager.m in Sources */,
				087B19732095E6BE005EC8C8 /* AFHTTPSessionManager.m in Sources */,
				087B19772095E6BE005EC8C8 /* AFSecurityPolicy.m in Sources */,
				087B19932095E6F6005EC8C8 /* UIWebView+AFNetworking.m in Sources */,
				087B198F2095E6F6005EC8C8 /* AFNetworkActivityIndicatorManager.m in Sources */,
				087B19952095E6F6005EC8C8 /* AFImageDownloader.m in Sources */,
				087B19912095E6F6005EC8C8 /* UIButton+AFNetworking.m in Sources */,
				087B19A520974078005EC8C8 /* AnimeDetail.m in Sources */,
				087B194B2095DBCD005EC8C8 /* AppDelegate.m in Sources */,
				087B19722095E6BE005EC8C8 /* AFURLResponseSerialization.m in Sources */,
				087B19942095E6F6005EC8C8 /* AFAutoPurgingImageCache.m in Sources */,
				087B19922095E6F6005EC8C8 /* UIActivityIndicatorView+AFNetworking.m in Sources */,
				087B19752095E6BE005EC8C8 /* AFURLRequestSerialization.m in Sources */,
			);
			runOnlyForDeploymentPostprocessing = 0;
		};
/* End PBXSourcesBuildPhase section */

/* Begin PBXVariantGroup section */
		087B194F2095DBCD005EC8C8 /* Main.storyboard */ = {
			isa = PBXVariantGroup;
			children = (
				087B19502095DBCD005EC8C8 /* Base */,
			);
			name = Main.storyboard;
			sourceTree = "<group>";
		};
		087B19542095DBCE005EC8C8 /* LaunchScreen.storyboard */ = {
			isa = PBXVariantGroup;
			children = (
				087B19552095DBCE005EC8C8 /* Base */,
			);
			name = LaunchScreen.storyboard;
			sourceTree = "<group>";
		};
/* End PBXVariantGroup section */

/* Begin XCBuildConfiguration section */
		087B195A2095DBCE005EC8C8 /* Debug */ = {
			isa = XCBuildConfiguration;
			buildSettings = {
				ALWAYS_SEARCH_USER_PATHS = NO;
				CLANG_ANALYZER_NONNULL = YES;
				CLANG_ANALYZER_NUMBER_OBJECT_CONVERSION = YES_AGGRESSIVE;
				CLANG_CXX_LANGUAGE_STANDARD = "gnu++14";
				CLANG_CXX_LIBRARY = "libc++";
				CLANG_ENABLE_MODULES = YES;
				CLANG_ENABLE_OBJC_ARC = YES;
				CLANG_ENABLE_OBJC_WEAK = YES;
				CLANG_WARN_BLOCK_CAPTURE_AUTORELEASING = YES;
				CLANG_WARN_BOOL_CONVERSION = YES;
				CLANG_WARN_COMMA = YES;
				CLANG_WARN_CONSTANT_CONVERSION = YES;
				CLANG_WARN_DEPRECATED_OBJC_IMPLEMENTATIONS = YES;
				CLANG_WARN_DIRECT_OBJC_ISA_USAGE = YES_ERROR;
				CLANG_WARN_DOCUMENTATION_COMMENTS = YES;
				CLANG_WARN_EMPTY_BODY = YES;
				CLANG_WARN_ENUM_CONVERSION = YES;
				CLANG_WARN_INFINITE_RECURSION = YES;
				CLANG_WARN_INT_CONVERSION = YES;
				CLANG_WARN_NON_LITERAL_NULL_CONVERSION = YES;
				CLANG_WARN_OBJC_IMPLICIT_RETAIN_SELF = YES;
				CLANG_WARN_OBJC_LITERAL_CONVERSION = YES;
				CLANG_WARN_OBJC_ROOT_CLASS = YES_ERROR;
				CLANG_WARN_RANGE_LOOP_ANALYSIS = YES;
				CLANG_WARN_STRICT_PROTOTYPES = YES;
				CLANG_WARN_SUSPICIOUS_MOVE = YES;
				CLANG_WARN_UNGUARDED_AVAILABILITY = YES_AGGRESSIVE;
				CLANG_WARN_UNREACHABLE_CODE = YES;
				CLANG_WARN__DUPLICATE_METHOD_MATCH = YES;
				CODE_SIGN_IDENTITY = "iPhone Developer";
				COPY_PHASE_STRIP = NO;
				DEBUG_INFORMATION_FORMAT = dwarf;
				ENABLE_STRICT_OBJC_MSGSEND = YES;
				ENABLE_TESTABILITY = YES;
				GCC_C_LANGUAGE_STANDARD = gnu11;
				GCC_DYNAMIC_NO_PIC = NO;
				GCC_NO_COMMON_BLOCKS = YES;
				GCC_OPTIMIZATION_LEVEL = 0;
				GCC_PREPROCESSOR_DEFINITIONS = (
					"DEBUG=1",
					"$(inherited)",
				);
				GCC_WARN_64_TO_32_BIT_CONVERSION = YES;
				GCC_WARN_ABOUT_RETURN_TYPE = YES_ERROR;
				GCC_WARN_UNDECLARED_SELECTOR = YES;
				GCC_WARN_UNINITIALIZED_AUTOS = YES_AGGRESSIVE;
				GCC_WARN_UNUSED_FUNCTION = YES;
				GCC_WARN_UNUSED_VARIABLE = YES;
				IPHONEOS_DEPLOYMENT_TARGET = 11.3;
				MTL_ENABLE_DEBUG_INFO = YES;
				ONLY_ACTIVE_ARCH = YES;
				SDKROOT = iphoneos;
			};
			name = Debug;
		};
		087B195B2095DBCE005EC8C8 /* Release */ = {
			isa = XCBuildConfiguration;
			buildSettings = {
				ALWAYS_SEARCH_USER_PATHS = NO;
				CLANG_ANALYZER_NONNULL = YES;
				CLANG_ANALYZER_NUMBER_OBJECT_CONVERSION = YES_AGGRESSIVE;
				CLANG_CXX_LANGUAGE_STANDARD = "gnu++14";
				CLANG_CXX_LIBRARY = "libc++";
				CLANG_ENABLE_MODULES = YES;
				CLANG_ENABLE_OBJC_ARC = YES;
				CLANG_ENABLE_OBJC_WEAK = YES;
				CLANG_WARN_BLOCK_CAPTURE_AUTORELEASING = YES;
				CLANG_WARN_BOOL_CONVERSION = YES;
				CLANG_WARN_COMMA = YES;
				CLANG_WARN_CONSTANT_CONVERSION = YES;
				CLANG_WARN_DEPRECATED_OBJC_IMPLEMENTATIONS = YES;
				CLANG_WARN_DIRECT_OBJC_ISA_USAGE = YES_ERROR;
				CLANG_WARN_DOCUMENTATION_COMMENTS = YES;
				CLANG_WARN_EMPTY_BODY = YES;
				CLANG_WARN_ENUM_CONVERSION = YES;
				CLANG_WARN_INFINITE_RECURSION = YES;
				CLANG_WARN_INT_CONVERSION = YES;
				CLANG_WARN_NON_LITERAL_NULL_CONVERSION = YES;
				CLANG_WARN_OBJC_IMPLICIT_RETAIN_SELF = YES;
				CLANG_WARN_OBJC_LITERAL_CONVERSION = YES;
				CLANG_WARN_OBJC_ROOT_CLASS = YES_ERROR;
				CLANG_WARN_RANGE_LOOP_ANALYSIS = YES;
				CLANG_WARN_STRICT_PROTOTYPES = YES;
				CLANG_WARN_SUSPICIOUS_MOVE = YES;
				CLANG_WARN_UNGUARDED_AVAILABILITY = YES_AGGRESSIVE;
				CLANG_WARN_UNREACHABLE_CODE = YES;
				CLANG_WARN__DUPLICATE_METHOD_MATCH = YES;
				CODE_SIGN_IDENTITY = "iPhone Developer";
				COPY_PHASE_STRIP = NO;
				DEBUG_INFORMATION_FORMAT = "dwarf-with-dsym";
				ENABLE_NS_ASSERTIONS = NO;
				ENABLE_STRICT_OBJC_MSGSEND = YES;
				GCC_C_LANGUAGE_STANDARD = gnu11;
				GCC_NO_COMMON_BLOCKS = YES;
				GCC_WARN_64_TO_32_BIT_CONVERSION = YES;
				GCC_WARN_ABOUT_RETURN_TYPE = YES_ERROR;
				GCC_WARN_UNDECLARED_SELECTOR = YES;
				GCC_WARN_UNINITIALIZED_AUTOS = YES_AGGRESSIVE;
				GCC_WARN_UNUSED_FUNCTION = YES;
				GCC_WARN_UNUSED_VARIABLE = YES;
				IPHONEOS_DEPLOYMENT_TARGET = 11.3;
				MTL_ENABLE_DEBUG_INFO = NO;
				SDKROOT = iphoneos;
				VALIDATE_PRODUCT = YES;
			};
			name = Release;
		};
		087B195D2095DBCE005EC8C8 /* Debug */ = {
			isa = XCBuildConfiguration;
			buildSettings = {
				ASSETCATALOG_COMPILER_APPICON_NAME = AppIcon;
				CODE_SIGN_STYLE = Automatic;
				DEVELOPMENT_TEAM = 2AWWMX2AV3;
				INFOPLIST_FILE = ShikimoriAPI/Info.plist;
				LD_RUNPATH_SEARCH_PATHS = (
					"$(inherited)",
					"@executable_path/Frameworks",
				);
				PRODUCT_BUNDLE_IDENTIFIER = VO.ShikimoriAPI;
				PRODUCT_NAME = "$(TARGET_NAME)";
				TARGETED_DEVICE_FAMILY = "1,2";
			};
			name = Debug;
		};
		087B195E2095DBCE005EC8C8 /* Release */ = {
			isa = XCBuildConfiguration;
			buildSettings = {
				ASSETCATALOG_COMPILER_APPICON_NAME = AppIcon;
				CODE_SIGN_STYLE = Automatic;
				DEVELOPMENT_TEAM = 2AWWMX2AV3;
				INFOPLIST_FILE = ShikimoriAPI/Info.plist;
				LD_RUNPATH_SEARCH_PATHS = (
					"$(inherited)",
					"@executable_path/Frameworks",
				);
				PRODUCT_BUNDLE_IDENTIFIER = VO.ShikimoriAPI;
				PRODUCT_NAME = "$(TARGET_NAME)";
				TARGETED_DEVICE_FAMILY = "1,2";
			};
			name = Release;
		};
/* End XCBuildConfiguration section */

/* Begin XCConfigurationList section */
		087B19412095DBCD005EC8C8 /* Build configuration list for PBXProject "ShikimoriAPI" */ = {
			isa = XCConfigurationList;
			buildConfigurations = (
				087B195A2095DBCE005EC8C8 /* Debug */,
				087B195B2095DBCE005EC8C8 /* Release */,
			);
			defaultConfigurationIsVisible = 0;
			defaultConfigurationName = Release;
		};
		087B195C2095DBCE005EC8C8 /* Build configuration list for PBXNativeTarget "ShikimoriAPI" */ = {
			isa = XCConfigurationList;
			buildConfigurations = (
				087B195D2095DBCE005EC8C8 /* Debug */,
				087B195E2095DBCE005EC8C8 /* Release */,
			);
			defaultConfigurationIsVisible = 0;
			defaultConfigurationName = Release;
		};
/* End XCConfigurationList section */
	};
	rootObject = 087B193E2095DBCD005EC8C8 /* Project object */;
}
